{
  "name": "vercel-deployer",
  "version": "0.1.0",
  "lockfileVersion": 3,
  "requires": true,
  "packages": {
    "": {
      "name": "vercel-deployer",
      "version": "0.1.0",
      "license": "MIT",
      "os": [
        "darwin",
        "linux"
      ],
      "bin": {
        "vv": "vercel-deployer.sh"
      },
      "engines": {
        "node": ">=18"
      }
    }
  }
}
